
Microsoft Visual Studio Solution File, Format Version 12.00
# Visual Studio Version 17
VisualStudioVersion = 17.3.32825.248
MinimumVisualStudioVersion = 10.0.40219.1
Project("{FAE04EC0-301F-11D3-BF4B-00C04F79EFBC}") = "MvcMovie", "MvcMovie\MvcMovie.csproj", "{7C996A76-85CD-48F0-8280-BFBF3386E8D1}"
EndProject
Global
	GlobalSection(SolutionConfigurationPlatforms) = preSolution
		Debug|Any CPU = Debug|Any CPU
		Release|Any CPU = Release|Any CPU
	EndGlobalSection
	GlobalSection(ProjectConfigurationPlatforms) = postSolution
		{7C996A76-85CD-48F0-8280-BFBF3386E8D1}.Debug|Any CPU.ActiveCfg = Debug|Any CPU
		{7C996A76-85CD-48F0-8280-BFBF3386E8D1}.Debug|Any CPU.Build.0 = Debug|Any CPU
		{7C996A76-85CD-48F0-8280-BFBF3386E8D1}.Release|Any CPU.ActiveCfg = Release|Any CPU
		{7C996A76-85CD-48F0-8280-BFBF3386E8D1}.Release|Any CPU.Build.0 = Release|Any CPU
	EndGlobalSection
	GlobalSection(SolutionProperties) = preSolution
		HideSolutionNode = FALSE
	EndGlobalSection
	GlobalSection(ExtensibilityGlobals) = postSolution
		SolutionGuid = {528B52C7-CC6F-42C9-9275-54E1757B8677}
	EndGlobalSection
EndGlobal
